
Microsoft Visual Studio Solution File, Format Version 12.00
# Visual Studio Version 16
VisualStudioVersion = 16.0.28803.452
MinimumVisualStudioVersion = 10.0.40219.1
Project("{FAE04EC0-301F-11D3-BF4B-00C04F79EFBC}") = "CSharpAsyncAndThread", "CSharpTests\CSharpAsyncAndThread.csproj", "{7BBD35A2-5BCD-4357-A48C-AAF26CC5F2DC}"
EndProject
Global
	GlobalSection(SolutionConfigurationPlatforms) = preSolution
		Debug|Any CPU = Debug|Any CPU
		Release|Any CPU = Release|Any CPU
	EndGlobalSection
	GlobalSection(ProjectConfigurationPlatforms) = postSolution
		{7BBD35A2-5BCD-4357-A48C-AAF26CC5F2DC}.Debug|Any CPU.ActiveCfg = Debug|Any CPU
		{7BBD35A2-5BCD-4357-A48C-AAF26CC5F2DC}.Debug|Any CPU.Build.0 = Debug|Any CPU
		{7BBD35A2-5BCD-4357-A48C-AAF26CC5F2DC}.Release|Any CPU.ActiveCfg = Release|Any CPU
		{7BBD35A2-5BCD-4357-A48C-AAF26CC5F2DC}.Release|Any CPU.Build.0 = Release|Any CPU
	EndGlobalSection
	GlobalSection(SolutionProperties) = preSolution
		HideSolutionNode = FALSE
	EndGlobalSection
	GlobalSection(ExtensibilityGlobals) = postSolution
		SolutionGuid = {54D9A78E-EFA8-4A8A-AAAE-3DDF55DC06C6}
	EndGlobalSection
EndGlobal
